
Microsoft Visual Studio Solution File, Format Version 12.00
# Visual Studio 2012
Project("{FAE04EC0-301F-11D3-BF4B-00C04F79EFBC}") = "ExceptionHash", "ExceptionHash\ExceptionHash.csproj", "{4925D7E3-6E62-4EB5-8FD6-72D26B87517A}"
EndProject
Project("{FAE04EC0-301F-11D3-BF4B-00C04F79EFBC}") = "ExceptionHash.Tests", "ExceptionHasher.Tests\ExceptionHash.Tests.csproj", "{0343C95B-70D1-440E-A04F-494FF29FD0F7}"
EndProject
Global
	GlobalSection(SolutionConfigurationPlatforms) = preSolution
		Debug|Any CPU = Debug|Any CPU
		Release|Any CPU = Release|Any CPU
	EndGlobalSection
	GlobalSection(ProjectConfigurationPlatforms) = postSolution
		{0343C95B-70D1-440E-A04F-494FF29FD0F7}.Debug|Any CPU.ActiveCfg = Debug|Any CPU
		{0343C95B-70D1-440E-A04F-494FF29FD0F7}.Debug|Any CPU.Build.0 = Debug|Any CPU
		{0343C95B-70D1-440E-A04F-494FF29FD0F7}.Release|Any CPU.ActiveCfg = Release|Any CPU
		{0343C95B-70D1-440E-A04F-494FF29FD0F7}.Release|Any CPU.Build.0 = Release|Any CPU
		{4925D7E3-6E62-4EB5-8FD6-72D26B87517A}.Debug|Any CPU.ActiveCfg = Debug|Any CPU
		{4925D7E3-6E62-4EB5-8FD6-72D26B87517A}.Debug|Any CPU.Build.0 = Debug|Any CPU
		{4925D7E3-6E62-4EB5-8FD6-72D26B87517A}.Release|Any CPU.ActiveCfg = Release|Any CPU
		{4925D7E3-6E62-4EB5-8FD6-72D26B87517A}.Release|Any CPU.Build.0 = Release|Any CPU
	EndGlobalSection
	GlobalSection(SolutionProperties) = preSolution
		HideSolutionNode = FALSE
	EndGlobalSection
EndGlobal
